
Microsoft Visual Studio Solution File, Format Version 12.00
# Visual Studio 14
VisualStudioVersion = 14.0.25420.1
MinimumVisualStudioVersion = 10.0.40219.1
Project("{FAE04EC0-301F-11D3-BF4B-00C04F79EFBC}") = "ProcessView.Android", "ProcessView\ProcessView.Android\ProcessView.Android.csproj", "{698EAC24-77E3-4186-8305-341C40EAE83D}"
EndProject
Project("{FAE04EC0-301F-11D3-BF4B-00C04F79EFBC}") = "ProcessView", "ProcessView\ProcessView\ProcessView.csproj", "{3A16144A-06F4-4B1C-8FD4-94361AD3CD0E}"
EndProject
Project("{FAE04EC0-301F-11D3-BF4B-00C04F79EFBC}") = "ProcessView.iOS", "ProcessView\ProcessView.iOS\ProcessView.iOS.csproj", "{548A1F88-D6FF-43F3-B952-46D15E980F79}"
EndProject
Global
	GlobalSection(SolutionConfigurationPlatforms) = preSolution
		Ad-Hoc|Any CPU = Ad-Hoc|Any CPU
		Ad-Hoc|ARM = Ad-Hoc|ARM
		Ad-Hoc|iPhone = Ad-Hoc|iPhone
		Ad-Hoc|iPhoneSimulator = Ad-Hoc|iPhoneSimulator
		Ad-Hoc|x64 = Ad-Hoc|x64
		Ad-Hoc|x86 = Ad-Hoc|x86
		AppStore|Any CPU = AppStore|Any CPU
		AppStore|ARM = AppStore|ARM
		AppStore|iPhone = AppStore|iPhone
		AppStore|iPhoneSimulator = AppStore|iPhoneSimulator
		AppStore|x64 = AppStore|x64
		AppStore|x86 = AppStore|x86
		Debug|Any CPU = Debug|Any CPU
		Debug|ARM = Debug|ARM
		Debug|iPhone = Debug|iPhone
		Debug|iPhoneSimulator = Debug|iPhoneSimulator
		Debug|x64 = Debug|x64
		Debug|x86 = Debug|x86
		Release|Any CPU = Release|Any CPU
		Release|ARM = Release|ARM
		Release|iPhone = Release|iPhone
		Release|iPhoneSimulator = Release|iPhoneSimulator
		Release|x64 = Release|x64
		Release|x86 = Release|x86
	EndGlobalSection
	GlobalSection(ProjectConfigurationPlatforms) = postSolution
		{698EAC24-77E3-4186-8305-341C40EAE83D}.Ad-Hoc|Any CPU.ActiveCfg = Release|Any CPU
		{698EAC24-77E3-4186-8305-341C40EAE83D}.Ad-Hoc|Any CPU.Build.0 = Release|Any CPU
		{698EAC24-77E3-4186-8305-341C40EAE83D}.Ad-Hoc|Any CPU.Deploy.0 = Release|Any CPU
		{698EAC24-77E3-4186-8305-341C40EAE83D}.Ad-Hoc|ARM.ActiveCfg = Release|Any CPU
		{698EAC24-77E3-4186-8305-341C40EAE83D}.Ad-Hoc|ARM.Build.0 = Release|Any CPU
		{698EAC24-77E3-4186-8305-341C40EAE83D}.Ad-Hoc|ARM.Deploy.0 = Release|Any CPU
		{698EAC24-77E3-4186-8305-341C40EAE83D}.Ad-Hoc|iPhone.ActiveCfg = Release|Any CPU
		{698EAC24-77E3-4186-8305-341C40EAE83D}.Ad-Hoc|iPhone.Build.0 = Release|Any CPU
		{698EAC24-77E3-4186-8305-341C40EAE83D}.Ad-Hoc|iPhone.Deploy.0 = Release|Any CPU
		{698EAC24-77E3-4186-8305-341C40EAE83D}.Ad-Hoc|iPhoneSimulator.ActiveCfg = Release|Any CPU
		{698EAC24-77E3-4186-8305-341C40EAE83D}.Ad-Hoc|iPhoneSimulator.Build.0 = Release|Any CPU
		{698EAC24-77E3-4186-8305-341C40EAE83D}.Ad-Hoc|iPhoneSimulator.Deploy.0 = Release|Any CPU
		{698EAC24-77E3-4186-8305-341C40EAE83D}.Ad-Hoc|x64.ActiveCfg = Release|Any CPU
		{698EAC24-77E3-4186-8305-341C40EAE83D}.Ad-Hoc|x64.Build.0 = Release|Any CPU
		{698EAC24-77E3-4186-8305-341C40EAE83D}.Ad-Hoc|x64.Deploy.0 = Release|Any CPU
		{698EAC24-77E3-4186-8305-341C40EAE83D}.Ad-Hoc|x86.ActiveCfg = Release|Any CPU
		{698EAC24-77E3-4186-8305-341C40EAE83D}.Ad-Hoc|x86.Build.0 = Release|Any CPU
		{698EAC24-77E3-4186-8305-341C40EAE83D}.Ad-Hoc|x86.Deploy.0 = Release|Any CPU
		{698EAC24-77E3-4186-8305-341C40EAE83D}.AppStore|Any CPU.ActiveCfg = Release|Any CPU
		{698EAC24-77E3-4186-8305-341C40EAE83D}.AppStore|Any CPU.Build.0 = Release|Any CPU
		{698EAC24-77E3-4186-8305-341C40EAE83D}.AppStore|Any CPU.Deploy.0 = Release|Any CPU
		{698EAC24-77E3-4186-8305-341C40EAE83D}.AppStore|ARM.ActiveCfg = Release|Any CPU
		{698EAC24-77E3-4186-8305-341C40EAE83D}.AppStore|ARM.Build.0 = Release|Any CPU
		{698EAC24-77E3-4186-8305-341C40EAE83D}.AppStore|ARM.Deploy.0 = Release|Any CPU
		{698EAC24-77E3-4186-8305-341C40EAE83D}.AppStore|iPhone.ActiveCfg = Release|Any CPU
		{698EAC24-77E3-4186-8305-341C40EAE83D}.AppStore|iPhone.Build.0 = Release|Any CPU
		{698EAC24-77E3-4186-8305-341C40EAE83D}.AppStore|iPhone.Deploy.0 = Release|Any CPU
		{698EAC24-77E3-4186-8305-341C40EAE83D}.AppStore|iPhoneSimulator.ActiveCfg = Release|Any CPU
		{698EAC24-77E3-4186-8305-341C40EAE83D}.AppStore|iPhoneSimulator.Build.0 = Release|Any CPU
		{698EAC24-77E3-4186-8305-341C40EAE83D}.AppStore|iPhoneSimulator.Deploy.0 = Release|Any CPU
		{698EAC24-77E3-4186-8305-341C40EAE83D}.AppStore|x64.ActiveCfg = Release|Any CPU
		{698EAC24-77E3-4186-8305-341C40EAE83D}.AppStore|x64.Build.0 = Release|Any CPU
		{698EAC24-77E3-4186-8305-341C40EAE83D}.AppStore|x64.Deploy.0 = Release|Any CPU
		{698EAC24-77E3-4186-8305-341C40EAE83D}.AppStore|x86.ActiveCfg = Release|Any CPU
		{698EAC24-77E3-4186-8305-341C40EAE83D}.AppStore|x86.Build.0 = Release|Any CPU
		{698EAC24-77E3-4186-8305-341C40EAE83D}.AppStore|x86.Deploy.0 = Release|Any CPU
		{698EAC24-77E3-4186-8305-341C40EAE83D}.Debug|Any CPU.ActiveCfg = Debug|Any CPU
		{698EAC24-77E3-4186-8305-341C40EAE83D}.Debug|Any CPU.Build.0 = Debug|Any CPU
		{698EAC24-77E3-4186-8305-341C40EAE83D}.Debug|Any CPU.Deploy.0 = Debug|Any CPU
		{698EAC24-77E3-4186-8305-341C40EAE83D}.Debug|ARM.ActiveCfg = Debug|Any CPU
		{698EAC24-77E3-4186-8305-341C40EAE83D}.Debug|ARM.Build.0 = Debug|Any CPU
		{698EAC24-77E3-4186-8305-341C40EAE83D}.Debug|ARM.Deploy.0 = Debug|Any CPU
		{698EAC24-77E3-4186-8305-341C40EAE83D}.Debug|iPhone.ActiveCfg = Debug|Any CPU
		{698EAC24-77E3-4186-8305-341C40EAE83D}.Debug|iPhone.Build.0 = Debug|Any CPU
		{698EAC24-77E3-4186-8305-341C40EAE83D}.Debug|iPhone.Deploy.0 = Debug|Any CPU
		{698EAC24-77E3-4186-8305-341C40EAE83D}.Debug|iPhoneSimulator.ActiveCfg = Debug|Any CPU
		{698EAC24-77E3-4186-8305-341C40EAE83D}.Debug|iPhoneSimulator.Build.0 = Debug|Any CPU
		{698EAC24-77E3-4186-8305-341C40EAE83D}.Debug|iPhoneSimulator.Deploy.0 = Debug|Any CPU
		{698EAC24-77E3-4186-8305-341C40EAE83D}.Debug|x64.ActiveCfg = Debug|Any CPU
		{698EAC24-77E3-4186-8305-341C40EAE83D}.Debug|x64.Build.0 = Debug|Any CPU
		{698EAC24-77E3-4186-8305-341C40EAE83D}.Debug|x64.Deploy.0 = Debug|Any CPU
		{698EAC24-77E3-4186-8305-341C40EAE83D}.Debug|x86.ActiveCfg = Debug|Any CPU
		{698EAC24-77E3-4186-8305-341C40EAE83D}.Debug|x86.Build.0 = Debug|Any CPU
		{698EAC24-77E3-4186-8305-341C40EAE83D}.Debug|x86.Deploy.0 = Debug|Any CPU
		{698EAC24-77E3-4186-8305-341C40EAE83D}.Release|Any CPU.ActiveCfg = Release|Any CPU
		{698EAC24-77E3-4186-8305-341C40EAE83D}.Release|Any CPU.Build.0 = Release|Any CPU
		{698EAC24-77E3-4186-8305-341C40EAE83D}.Release|Any CPU.Deploy.0 = Release|Any CPU
		{698EAC24-77E3-4186-8305-341C40EAE83D}.Release|ARM.ActiveCfg = Release|Any CPU
		{698EAC24-77E3-4186-8305-341C40EAE83D}.Release|ARM.Build.0 = Release|Any CPU
		{698EAC24-77E3-4186-8305-341C40EAE83D}.Release|ARM.Deploy.0 = Release|Any CPU
		{698EAC24-77E3-4186-8305-341C40EAE83D}.Release|iPhone.ActiveCfg = Release|Any CPU
		{698EAC24-77E3-4186-8305-341C40EAE83D}.Release|iPhone.Build.0 = Release|Any CPU
		{698EAC24-77E3-4186-8305-341C40EAE83D}.Release|iPhone.Deploy.0 = Release|Any CPU
		{698EAC24-77E3-4186-8305-341C40EAE83D}.Release|iPhoneSimulator.ActiveCfg = Release|Any CPU
		{698EAC24-77E3-4186-8305-341C40EAE83D}.Release|iPhoneSimulator.Build.0 = Release|Any CPU
		{698EAC24-77E3-4186-8305-341C40EAE83D}.Release|iPhoneSimulator.Deploy.0 = Release|Any CPU
		{698EAC24-77E3-4186-8305-341C40EAE83D}.Release|x64.ActiveCfg = Release|Any CPU
		{698EAC24-77E3-4186-8305-341C40EAE83D}.Release|x64.Build.0 = Release|Any CPU
		{698EAC24-77E3-4186-8305-341C40EAE83D}.Release|x64.Deploy.0 = Release|Any CPU
		{698EAC24-77E3-4186-8305-341C40EAE83D}.Release|x86.ActiveCfg = Release|Any CPU
		{698EAC24-77E3-4186-8305-341C40EAE83D}.Release|x86.Build.0 = Release|Any CPU
		{698EAC24-77E3-4186-8305-341C40EAE83D}.Release|x86.Deploy.0 = Release|Any CPU
		{3A16144A-06F4-4B1C-8FD4-94361AD3CD0E}.Ad-Hoc|Any CPU.ActiveCfg = Release|Any CPU
		{3A16144A-06F4-4B1C-8FD4-94361AD3CD0E}.Ad-Hoc|Any CPU.Build.0 = Release|Any CPU
		{3A16144A-06F4-4B1C-8FD4-94361AD3CD0E}.Ad-Hoc|ARM.ActiveCfg = Release|Any CPU
		{3A16144A-06F4-4B1C-8FD4-94361AD3CD0E}.Ad-Hoc|ARM.Build.0 = Release|Any CPU
		{3A16144A-06F4-4B1C-8FD4-94361AD3CD0E}.Ad-Hoc|iPhone.ActiveCfg = Release|Any CPU
		{3A16144A-06F4-4B1C-8FD4-94361AD3CD0E}.Ad-Hoc|iPhone.Build.0 = Release|Any CPU
		{3A16144A-06F4-4B1C-8FD4-94361AD3CD0E}.Ad-Hoc|iPhoneSimulator.ActiveCfg = Release|Any CPU
		{3A16144A-06F4-4B1C-8FD4-94361AD3CD0E}.Ad-Hoc|iPhoneSimulator.Build.0 = Release|Any CPU
		{3A16144A-06F4-4B1C-8FD4-94361AD3CD0E}.Ad-Hoc|x64.ActiveCfg = Release|Any CPU
		{3A16144A-06F4-4B1C-8FD4-94361AD3CD0E}.Ad-Hoc|x64.Build.0 = Release|Any CPU
		{3A16144A-06F4-4B1C-8FD4-94361AD3CD0E}.Ad-Hoc|x86.ActiveCfg = Release|Any CPU
		{3A16144A-06F4-4B1C-8FD4-94361AD3CD0E}.Ad-Hoc|x86.Build.0 = Release|Any CPU
		{3A16144A-06F4-4B1C-8FD4-94361AD3CD0E}.AppStore|Any CPU.ActiveCfg = Release|Any CPU
		{3A16144A-06F4-4B1C-8FD4-94361AD3CD0E}.AppStore|Any CPU.Build.0 = Release|Any CPU
		{3A16144A-06F4-4B1C-8FD4-94361AD3CD0E}.AppStore|ARM.ActiveCfg = Release|Any CPU
		{3A16144A-06F4-4B1C-8FD4-94361AD3CD0E}.AppStore|ARM.Build.0 = Release|Any CPU
		{3A16144A-06F4-4B1C-8FD4-94361AD3CD0E}.AppStore|iPhone.ActiveCfg = Release|Any CPU
		{3A16144A-06F4-4B1C-8FD4-94361AD3CD0E}.AppStore|iPhone.Build.0 = Release|Any CPU
		{3A16144A-06F4-4B1C-8FD4-94361AD3CD0E}.AppStore|iPhoneSimulator.ActiveCfg = Release|Any CPU
		{3A16144A-06F4-4B1C-8FD4-94361AD3CD0E}.AppStore|iPhoneSimulator.Build.0 = Release|Any CPU
		{3A16144A-06F4-4B1C-8FD4-94361AD3CD0E}.AppStore|x64.ActiveCfg = Release|Any CPU
		{3A16144A-06F4-4B1C-8FD4-94361AD3CD0E}.AppStore|x64.Build.0 = Release|Any CPU
		{3A16144A-06F4-4B1C-8FD4-94361AD3CD0E}.AppStore|x86.ActiveCfg = Release|Any CPU
		{3A16144A-06F4-4B1C-8FD4-94361AD3CD0E}.AppStore|x86.Build.0 = Release|Any CPU
		{3A16144A-06F4-4B1C-8FD4-94361AD3CD0E}.Debug|Any CPU.ActiveCfg = Debug|Any CPU
		{3A16144A-06F4-4B1C-8FD4-94361AD3CD0E}.Debug|Any CPU.Build.0 = Debug|Any CPU
		{3A16144A-06F4-4B1C-8FD4-94361AD3CD0E}.Debug|ARM.ActiveCfg = Debug|Any CPU
		{3A16144A-06F4-4B1C-8FD4-94361AD3CD0E}.Debug|ARM.Build.0 = Debug|Any CPU
		{3A16144A-06F4-4B1C-8FD4-94361AD3CD0E}.Debug|iPhone.ActiveCfg = Debug|Any CPU
		{3A16144A-06F4-4B1C-8FD4-94361AD3CD0E}.Debug|iPhone.Build.0 = Debug|Any CPU
		{3A16144A-06F4-4B1C-8FD4-94361AD3CD0E}.Debug|iPhoneSimulator.ActiveCfg = Debug|Any CPU
		{3A16144A-06F4-4B1C-8FD4-94361AD3CD0E}.Debug|iPhoneSimulator.Build.0 = Debug|Any CPU
		{3A16144A-06F4-4B1C-8FD4-94361AD3CD0E}.Debug|x64.ActiveCfg = Debug|Any CPU
		{3A16144A-06F4-4B1C-8FD4-94361AD3CD0E}.Debug|x64.Build.0 = Debug|Any CPU
		{3A16144A-06F4-4B1C-8FD4-94361AD3CD0E}.Debug|x86.ActiveCfg = Debug|Any CPU
		{3A16144A-06F4-4B1C-8FD4-94361AD3CD0E}.Debug|x86.Build.0 = Debug|Any CPU
		{3A16144A-06F4-4B1C-8FD4-94361AD3CD0E}.Release|Any CPU.ActiveCfg = Release|Any CPU
		{3A16144A-06F4-4B1C-8FD4-94361AD3CD0E}.Release|Any CPU.Build.0 = Release|Any CPU
		{3A16144A-06F4-4B1C-8FD4-94361AD3CD0E}.Release|ARM.ActiveCfg = Release|Any CPU
		{3A16144A-06F4-4B1C-8FD4-94361AD3CD0E}.Release|ARM.Build.0 = Release|Any CPU
		{3A16144A-06F4-4B1C-8FD4-94361AD3CD0E}.Release|iPhone.ActiveCfg = Release|Any CPU
		{3A16144A-06F4-4B1C-8FD4-94361AD3CD0E}.Release|iPhone.Build.0 = Release|Any CPU
		{3A16144A-06F4-4B1C-8FD4-94361AD3CD0E}.Release|iPhoneSimulator.ActiveCfg = Release|Any CPU
		{3A16144A-06F4-4B1C-8FD4-94361AD3CD0E}.Release|iPhoneSimulator.Build.0 = Release|Any CPU
		{3A16144A-06F4-4B1C-8FD4-94361AD3CD0E}.Release|x64.ActiveCfg = Release|Any CPU
		{3A16144A-06F4-4B1C-8FD4-94361AD3CD0E}.Release|x64.Build.0 = Release|Any CPU
		{3A16144A-06F4-4B1C-8FD4-94361AD3CD0E}.Release|x86.ActiveCfg = Release|Any CPU
		{3A16144A-06F4-4B1C-8FD4-94361AD3CD0E}.Release|x86.Build.0 = Release|Any CPU
		{548A1F88-D6FF-43F3-B952-46D15E980F79}.Ad-Hoc|Any CPU.ActiveCfg = Ad-Hoc|iPhoneSimulator
		{548A1F88-D6FF-43F3-B952-46D15E980F79}.Ad-Hoc|ARM.ActiveCfg = Ad-Hoc|iPhone
		{548A1F88-D6FF-43F3-B952-46D15E980F79}.Ad-Hoc|iPhone.ActiveCfg = Ad-Hoc|iPhone
		{548A1F88-D6FF-43F3-B952-46D15E980F79}.Ad-Hoc|iPhone.Build.0 = Ad-Hoc|iPhone
		{548A1F88-D6FF-43F3-B952-46D15E980F79}.Ad-Hoc|iPhoneSimulator.ActiveCfg = Ad-Hoc|iPhoneSimulator
		{548A1F88-D6FF-43F3-B952-46D15E980F79}.Ad-Hoc|iPhoneSimulator.Build.0 = Ad-Hoc|iPhoneSimulator
		{548A1F88-D6FF-43F3-B952-46D15E980F79}.Ad-Hoc|x64.ActiveCfg = Ad-Hoc|iPhone
		{548A1F88-D6FF-43F3-B952-46D15E980F79}.Ad-Hoc|x86.ActiveCfg = Ad-Hoc|iPhone
		{548A1F88-D6FF-43F3-B952-46D15E980F79}.AppStore|Any CPU.ActiveCfg = AppStore|iPhoneSimulator
		{548A1F88-D6FF-43F3-B952-46D15E980F79}.AppStore|ARM.ActiveCfg = AppStore|iPhone
		{548A1F88-D6FF-43F3-B952-46D15E980F79}.AppStore|iPhone.ActiveCfg = AppStore|iPhone
		{548A1F88-D6FF-43F3-B952-46D15E980F79}.AppStore|iPhone.Build.0 = AppStore|iPhone
		{548A1F88-D6FF-43F3-B952-46D15E980F79}.AppStore|iPhoneSimulator.ActiveCfg = AppStore|iPhoneSimulator
		{548A1F88-D6FF-43F3-B952-46D15E980F79}.AppStore|iPhoneSimulator.Build.0 = AppStore|iPhoneSimulator
		{548A1F88-D6FF-43F3-B952-46D15E980F79}.AppStore|x64.ActiveCfg = AppStore|iPhone
		{548A1F88-D6FF-43F3-B952-46D15E980F79}.AppStore|x86.ActiveCfg = AppStore|iPhone
		{548A1F88-D6FF-43F3-B952-46D15E980F79}.Debug|Any CPU.ActiveCfg = Debug|iPhoneSimulator
		{548A1F88-D6FF-43F3-B952-46D15E980F79}.Debug|ARM.ActiveCfg = Debug|iPhone
		{548A1F88-D6FF-43F3-B952-46D15E980F79}.Debug|iPhone.ActiveCfg = Debug|iPhone
		{548A1F88-D6FF-43F3-B952-46D15E980F79}.Debug|iPhone.Build.0 = Debug|iPhone
		{548A1F88-D6FF-43F3-B952-46D15E980F79}.Debug|iPhoneSimulator.ActiveCfg = Debug|iPhoneSimulator
		{548A1F88-D6FF-43F3-B952-46D15E980F79}.Debug|iPhoneSimulator.Build.0 = Debug|iPhoneSimulator
		{548A1F88-D6FF-43F3-B952-46D15E980F79}.Debug|x64.ActiveCfg = Debug|iPhone
		{548A1F88-D6FF-43F3-B952-46D15E980F79}.Debug|x86.ActiveCfg = Debug|iPhone
		{548A1F88-D6FF-43F3-B952-46D15E980F79}.Release|Any CPU.ActiveCfg = Release|iPhoneSimulator
		{548A1F88-D6FF-43F3-B952-46D15E980F79}.Release|ARM.ActiveCfg = Release|iPhone
		{548A1F88-D6FF-43F3-B952-46D15E980F79}.Release|iPhone.ActiveCfg = Release|iPhone
		{548A1F88-D6FF-43F3-B952-46D15E980F79}.Release|iPhone.Build.0 = Release|iPhone
		{548A1F88-D6FF-43F3-B952-46D15E980F79}.Release|iPhoneSimulator.ActiveCfg = Release|iPhoneSimulator
		{548A1F88-D6FF-43F3-B952-46D15E980F79}.Release|iPhoneSimulator.Build.0 = Release|iPhoneSimulator
		{548A1F88-D6FF-43F3-B952-46D15E980F79}.Release|x64.ActiveCfg = Release|iPhone
		{548A1F88-D6FF-43F3-B952-46D15E980F79}.Release|x86.ActiveCfg = Release|iPhone
	EndGlobalSection
	GlobalSection(SolutionProperties) = preSolution
		HideSolutionNode = FALSE
	EndGlobalSection
EndGlobal
